
Microsoft Visual Studio Solution File, Format Version 12.00
# Visual Studio 15
VisualStudioVersion = 15.0.26730.10
MinimumVisualStudioVersion = 10.0.40219.1
Project("{8BC9CEB8-8B4A-11D0-8D11-00A0C91BC942}") = "pick.a.container.bat", "pick.a.container.bat\pick.a.container.bat.vcxproj", "{E00F552F-6CAB-4864-884F-59A60E56B478}"
EndProject
Project("{8BC9CEB8-8B4A-11D0-8D11-00A0C91BC942}") = "pick.a.container", "pick.a.container\pick.a.container.vcxproj", "{6609F7B3-E2A1-4FFE-86EC-BF39E69B04A0}"
EndProject
Project("{2150E333-8FDC-42A3-9474-1A3956D46DE8}") = "pick.a.container.rpt", "pick.a.container.rpt", "{D43C5EE3-A4CA-428C-9EC2-D337FA3FE829}"
	ProjectSection(SolutionItems) = preProject
		pick.a.container.rpt\index.html = pick.a.container.rpt\index.html
		pick.a.container.rpt\statistics.txt = pick.a.container.rpt\statistics.txt
	EndProjectSection
EndProject
Global
	GlobalSection(SolutionConfigurationPlatforms) = preSolution
		Debug|x64 = Debug|x64
		Debug|x86 = Debug|x86
		Release|x64 = Release|x64
		Release|x86 = Release|x86
	EndGlobalSection
	GlobalSection(ProjectConfigurationPlatforms) = postSolution
		{E00F552F-6CAB-4864-884F-59A60E56B478}.Debug|x64.ActiveCfg = Debug|x64
		{E00F552F-6CAB-4864-884F-59A60E56B478}.Debug|x64.Build.0 = Debug|x64
		{E00F552F-6CAB-4864-884F-59A60E56B478}.Debug|x86.ActiveCfg = Debug|Win32
		{E00F552F-6CAB-4864-884F-59A60E56B478}.Debug|x86.Build.0 = Debug|Win32
		{E00F552F-6CAB-4864-884F-59A60E56B478}.Release|x64.ActiveCfg = Release|x64
		{E00F552F-6CAB-4864-884F-59A60E56B478}.Release|x64.Build.0 = Release|x64
		{E00F552F-6CAB-4864-884F-59A60E56B478}.Release|x86.ActiveCfg = Release|Win32
		{E00F552F-6CAB-4864-884F-59A60E56B478}.Release|x86.Build.0 = Release|Win32
		{6609F7B3-E2A1-4FFE-86EC-BF39E69B04A0}.Debug|x64.ActiveCfg = Debug|x64
		{6609F7B3-E2A1-4FFE-86EC-BF39E69B04A0}.Debug|x64.Build.0 = Debug|x64
		{6609F7B3-E2A1-4FFE-86EC-BF39E69B04A0}.Debug|x86.ActiveCfg = Debug|Win32
		{6609F7B3-E2A1-4FFE-86EC-BF39E69B04A0}.Debug|x86.Build.0 = Debug|Win32
		{6609F7B3-E2A1-4FFE-86EC-BF39E69B04A0}.Release|x64.ActiveCfg = Release|x64
		{6609F7B3-E2A1-4FFE-86EC-BF39E69B04A0}.Release|x64.Build.0 = Release|x64
		{6609F7B3-E2A1-4FFE-86EC-BF39E69B04A0}.Release|x86.ActiveCfg = Release|Win32
		{6609F7B3-E2A1-4FFE-86EC-BF39E69B04A0}.Release|x86.Build.0 = Release|Win32
	EndGlobalSection
	GlobalSection(SolutionProperties) = preSolution
		HideSolutionNode = FALSE
	EndGlobalSection
	GlobalSection(ExtensibilityGlobals) = postSolution
		SolutionGuid = {F5FB06A8-B7B2-49B6-BEBB-1972B49CAF49}
	EndGlobalSection
EndGlobal
